
Microsoft Visual Studio Solution File, Format Version 12.00
# Visual Studio 15
VisualStudioVersion = 15.0.27604.0
MinimumVisualStudioVersion = 10.0.40219.1
Project("{FAE04EC0-301F-11D3-BF4B-00C04F79EFBC}") = "FunnyTranslator.WebMVC", "FunnyTranslator.WebMVC\FunnyTranslator.WebMVC.csproj", "{E88F2131-207D-4DC9-B9D6-7E4172223E75}"
EndProject
Project("{FAE04EC0-301F-11D3-BF4B-00C04F79EFBC}") = "FunnyTranslator.Tests", "FunnyTranslator.Tests\FunnyTranslator.Tests.csproj", "{33680DC8-D339-4E9C-B82C-5E406A64ABC8}"
EndProject
Project("{FAE04EC0-301F-11D3-BF4B-00C04F79EFBC}") = "FunnyTranslator.Core", "FunnyTranslator.Core\FunnyTranslator.Core.csproj", "{15D9F17A-5622-4AF7-B1CA-8C04564EC679}"
EndProject
Project("{FAE04EC0-301F-11D3-BF4B-00C04F79EFBC}") = "FunnyTranslator.Application", "FunnyTranslator.Application\FunnyTranslator.Application.csproj", "{FAD675DE-90A9-4C65-AFF7-C5BCABD87B99}"
EndProject
Project("{FAE04EC0-301F-11D3-BF4B-00C04F79EFBC}") = "FunnyTranslator.Data", "FunnyTranslator.Data\FunnyTranslator.Data.csproj", "{D3DD67ED-B05D-431E-B9B7-6EBA4863FA6F}"
EndProject
Project("{FAE04EC0-301F-11D3-BF4B-00C04F79EFBC}") = "FunTranslationsApi", "FunTranslationsApi\FunTranslationsApi.csproj", "{8C28210F-8B3F-4A9B-9807-2F93977112DD}"
EndProject
Project("{2150E333-8FDC-42A3-9474-1A3956D46DE8}") = "FunnyTranslator", "FunnyTranslator", "{6E22E39A-8257-40C2-87C5-FEE8A13B0018}"
EndProject
Global
	GlobalSection(SolutionConfigurationPlatforms) = preSolution
		Debug|Any CPU = Debug|Any CPU
		Release|Any CPU = Release|Any CPU
	EndGlobalSection
	GlobalSection(ProjectConfigurationPlatforms) = postSolution
		{E88F2131-207D-4DC9-B9D6-7E4172223E75}.Debug|Any CPU.ActiveCfg = Debug|Any CPU
		{E88F2131-207D-4DC9-B9D6-7E4172223E75}.Debug|Any CPU.Build.0 = Debug|Any CPU
		{E88F2131-207D-4DC9-B9D6-7E4172223E75}.Release|Any CPU.ActiveCfg = Release|Any CPU
		{E88F2131-207D-4DC9-B9D6-7E4172223E75}.Release|Any CPU.Build.0 = Release|Any CPU
		{33680DC8-D339-4E9C-B82C-5E406A64ABC8}.Debug|Any CPU.ActiveCfg = Debug|Any CPU
		{33680DC8-D339-4E9C-B82C-5E406A64ABC8}.Debug|Any CPU.Build.0 = Debug|Any CPU
		{33680DC8-D339-4E9C-B82C-5E406A64ABC8}.Release|Any CPU.ActiveCfg = Release|Any CPU
		{33680DC8-D339-4E9C-B82C-5E406A64ABC8}.Release|Any CPU.Build.0 = Release|Any CPU
		{15D9F17A-5622-4AF7-B1CA-8C04564EC679}.Debug|Any CPU.ActiveCfg = Debug|Any CPU
		{15D9F17A-5622-4AF7-B1CA-8C04564EC679}.Debug|Any CPU.Build.0 = Debug|Any CPU
		{15D9F17A-5622-4AF7-B1CA-8C04564EC679}.Release|Any CPU.ActiveCfg = Release|Any CPU
		{15D9F17A-5622-4AF7-B1CA-8C04564EC679}.Release|Any CPU.Build.0 = Release|Any CPU
		{FAD675DE-90A9-4C65-AFF7-C5BCABD87B99}.Debug|Any CPU.ActiveCfg = Debug|Any CPU
		{FAD675DE-90A9-4C65-AFF7-C5BCABD87B99}.Debug|Any CPU.Build.0 = Debug|Any CPU
		{FAD675DE-90A9-4C65-AFF7-C5BCABD87B99}.Release|Any CPU.ActiveCfg = Release|Any CPU
		{FAD675DE-90A9-4C65-AFF7-C5BCABD87B99}.Release|Any CPU.Build.0 = Release|Any CPU
		{D3DD67ED-B05D-431E-B9B7-6EBA4863FA6F}.Debug|Any CPU.ActiveCfg = Debug|Any CPU
		{D3DD67ED-B05D-431E-B9B7-6EBA4863FA6F}.Debug|Any CPU.Build.0 = Debug|Any CPU
		{D3DD67ED-B05D-431E-B9B7-6EBA4863FA6F}.Release|Any CPU.ActiveCfg = Release|Any CPU
		{D3DD67ED-B05D-431E-B9B7-6EBA4863FA6F}.Release|Any CPU.Build.0 = Release|Any CPU
		{8C28210F-8B3F-4A9B-9807-2F93977112DD}.Debug|Any CPU.ActiveCfg = Debug|Any CPU
		{8C28210F-8B3F-4A9B-9807-2F93977112DD}.Debug|Any CPU.Build.0 = Debug|Any CPU
		{8C28210F-8B3F-4A9B-9807-2F93977112DD}.Release|Any CPU.ActiveCfg = Release|Any CPU
		{8C28210F-8B3F-4A9B-9807-2F93977112DD}.Release|Any CPU.Build.0 = Release|Any CPU
	EndGlobalSection
	GlobalSection(SolutionProperties) = preSolution
		HideSolutionNode = FALSE
	EndGlobalSection
	GlobalSection(NestedProjects) = preSolution
		{E88F2131-207D-4DC9-B9D6-7E4172223E75} = {6E22E39A-8257-40C2-87C5-FEE8A13B0018}
		{33680DC8-D339-4E9C-B82C-5E406A64ABC8} = {6E22E39A-8257-40C2-87C5-FEE8A13B0018}
		{15D9F17A-5622-4AF7-B1CA-8C04564EC679} = {6E22E39A-8257-40C2-87C5-FEE8A13B0018}
		{FAD675DE-90A9-4C65-AFF7-C5BCABD87B99} = {6E22E39A-8257-40C2-87C5-FEE8A13B0018}
		{D3DD67ED-B05D-431E-B9B7-6EBA4863FA6F} = {6E22E39A-8257-40C2-87C5-FEE8A13B0018}
	EndGlobalSection
	GlobalSection(ExtensibilityGlobals) = postSolution
		SolutionGuid = {A65EA77D-0F96-4A4E-9454-4B6DB018C806}
	EndGlobalSection
EndGlobal
